
Microsoft Visual Studio Solution File, Format Version 12.00
# Visual Studio Version 17
VisualStudioVersion = 17.5.33424.131
MinimumVisualStudioVersion = 10.0.40219.1
Project("{FAE04EC0-301F-11D3-BF4B-00C04F79EFBC}") = "ServiceWCFLogicaCoches", "ServiceWCFLogicaCoches\ServiceWCFLogicaCoches.csproj", "{BF8CECB8-6938-4CBD-9D13-FC9DC386264C}"
EndProject
Project("{FAE04EC0-301F-11D3-BF4B-00C04F79EFBC}") = "ServiceWCFHostCoches", "ServiceWCFHostCoches\ServiceWCFHostCoches.csproj", "{D3F8A07C-5CF4-4748-BD02-B060D9E30D74}"
EndProject
Global
	GlobalSection(SolutionConfigurationPlatforms) = preSolution
		Debug|Any CPU = Debug|Any CPU
		Release|Any CPU = Release|Any CPU
	EndGlobalSection
	GlobalSection(ProjectConfigurationPlatforms) = postSolution
		{BF8CECB8-6938-4CBD-9D13-FC9DC386264C}.Debug|Any CPU.ActiveCfg = Debug|Any CPU
		{BF8CECB8-6938-4CBD-9D13-FC9DC386264C}.Debug|Any CPU.Build.0 = Debug|Any CPU
		{BF8CECB8-6938-4CBD-9D13-FC9DC386264C}.Release|Any CPU.ActiveCfg = Release|Any CPU
		{BF8CECB8-6938-4CBD-9D13-FC9DC386264C}.Release|Any CPU.Build.0 = Release|Any CPU
		{D3F8A07C-5CF4-4748-BD02-B060D9E30D74}.Debug|Any CPU.ActiveCfg = Debug|Any CPU
		{D3F8A07C-5CF4-4748-BD02-B060D9E30D74}.Debug|Any CPU.Build.0 = Debug|Any CPU
		{D3F8A07C-5CF4-4748-BD02-B060D9E30D74}.Release|Any CPU.ActiveCfg = Release|Any CPU
		{D3F8A07C-5CF4-4748-BD02-B060D9E30D74}.Release|Any CPU.Build.0 = Release|Any CPU
	EndGlobalSection
	GlobalSection(SolutionProperties) = preSolution
		HideSolutionNode = FALSE
	EndGlobalSection
	GlobalSection(ExtensibilityGlobals) = postSolution
		SolutionGuid = {0DA5CDAC-4EA7-4DCA-94E1-6AAD614025DC}
	EndGlobalSection
EndGlobal
